
Microsoft Visual Studio Solution File, Format Version 12.00
# Visual Studio 15
VisualStudioVersion = 15.0.26124.0
MinimumVisualStudioVersion = 15.0.26124.0
Project("{2150E333-8FDC-42A3-9474-1A3956D46DE8}") = "Presentation", "Presentation", "{94690FC6-E082-495C-9115-3F96FED327D9}"
EndProject
Project("{FAE04EC0-301F-11D3-BF4B-00C04F79EFBC}") = "Presentation", "Presentation\src\Presentation.csproj", "{610CEB61-B1CA-409C-9475-F0F9300B344C}"
EndProject
Project("{FAE04EC0-301F-11D3-BF4B-00C04F79EFBC}") = "Presentation.Tests", "Presentation\tests\Presentation.Tests.csproj", "{7494CC3D-21DA-42DB-A2BE-2CFFA9290E2B}"
EndProject
Project("{2150E333-8FDC-42A3-9474-1A3956D46DE8}") = "Application", "Application", "{1C538392-14EF-4FB3-8653-CFD3D986F4B6}"
EndProject
Project("{FAE04EC0-301F-11D3-BF4B-00C04F79EFBC}") = "Application.Tests", "Application\tests\Application.Tests.csproj", "{18312B03-50ED-4BF1-A471-29FBB8614F18}"
EndProject
Project("{FAE04EC0-301F-11D3-BF4B-00C04F79EFBC}") = "Application", "Application\src\Application.csproj", "{767355F2-75C3-4181-8792-74B69AEAEB9D}"
EndProject
Project("{2150E333-8FDC-42A3-9474-1A3956D46DE8}") = "Infrastructure", "Infrastructure", "{635FB92B-FF4D-4BCA-9C20-0244AA7F3FFC}"
EndProject
Project("{FAE04EC0-301F-11D3-BF4B-00C04F79EFBC}") = "Infrastructure", "Infrastructure\src\Infrastructure.csproj", "{B920AD9B-7DAB-4616-A732-9D7F3F04B91D}"
EndProject
Project("{FAE04EC0-301F-11D3-BF4B-00C04F79EFBC}") = "Infrastructure.Tests", "Infrastructure\tests\Infrastructure.Tests.csproj", "{10E9D330-9637-4273-B367-5F8A5BE7DBBF}"
EndProject
Project("{2150E333-8FDC-42A3-9474-1A3956D46DE8}") = "Domain", "Domain", "{56DB6E93-E26D-4EC2-81B1-A4B2CD3C8332}"
EndProject
Project("{FAE04EC0-301F-11D3-BF4B-00C04F79EFBC}") = "Domain", "Domain\src\Domain.csproj", "{4B74920D-0526-454B-9580-1E82CC910E79}"
EndProject
Project("{FAE04EC0-301F-11D3-BF4B-00C04F79EFBC}") = "Domain.Tests", "Domain\test\Domain.Tests.csproj", "{9CFED662-7B3C-4E94-8F1C-C5220D537292}"
EndProject
Global
	GlobalSection(SolutionConfigurationPlatforms) = preSolution
		Debug|Any CPU = Debug|Any CPU
		Debug|x64 = Debug|x64
		Debug|x86 = Debug|x86
		Release|Any CPU = Release|Any CPU
		Release|x64 = Release|x64
		Release|x86 = Release|x86
	EndGlobalSection
	GlobalSection(SolutionProperties) = preSolution
		HideSolutionNode = FALSE
	EndGlobalSection
	GlobalSection(ProjectConfigurationPlatforms) = postSolution
		{610CEB61-B1CA-409C-9475-F0F9300B344C}.Debug|Any CPU.ActiveCfg = Debug|Any CPU
		{610CEB61-B1CA-409C-9475-F0F9300B344C}.Debug|Any CPU.Build.0 = Debug|Any CPU
		{610CEB61-B1CA-409C-9475-F0F9300B344C}.Debug|x64.ActiveCfg = Debug|Any CPU
		{610CEB61-B1CA-409C-9475-F0F9300B344C}.Debug|x64.Build.0 = Debug|Any CPU
		{610CEB61-B1CA-409C-9475-F0F9300B344C}.Debug|x86.ActiveCfg = Debug|Any CPU
		{610CEB61-B1CA-409C-9475-F0F9300B344C}.Debug|x86.Build.0 = Debug|Any CPU
		{610CEB61-B1CA-409C-9475-F0F9300B344C}.Release|Any CPU.ActiveCfg = Release|Any CPU
		{610CEB61-B1CA-409C-9475-F0F9300B344C}.Release|Any CPU.Build.0 = Release|Any CPU
		{610CEB61-B1CA-409C-9475-F0F9300B344C}.Release|x64.ActiveCfg = Release|Any CPU
		{610CEB61-B1CA-409C-9475-F0F9300B344C}.Release|x64.Build.0 = Release|Any CPU
		{610CEB61-B1CA-409C-9475-F0F9300B344C}.Release|x86.ActiveCfg = Release|Any CPU
		{610CEB61-B1CA-409C-9475-F0F9300B344C}.Release|x86.Build.0 = Release|Any CPU
		{7494CC3D-21DA-42DB-A2BE-2CFFA9290E2B}.Debug|Any CPU.ActiveCfg = Debug|Any CPU
		{7494CC3D-21DA-42DB-A2BE-2CFFA9290E2B}.Debug|Any CPU.Build.0 = Debug|Any CPU
		{7494CC3D-21DA-42DB-A2BE-2CFFA9290E2B}.Debug|x64.ActiveCfg = Debug|Any CPU
		{7494CC3D-21DA-42DB-A2BE-2CFFA9290E2B}.Debug|x64.Build.0 = Debug|Any CPU
		{7494CC3D-21DA-42DB-A2BE-2CFFA9290E2B}.Debug|x86.ActiveCfg = Debug|Any CPU
		{7494CC3D-21DA-42DB-A2BE-2CFFA9290E2B}.Debug|x86.Build.0 = Debug|Any CPU
		{7494CC3D-21DA-42DB-A2BE-2CFFA9290E2B}.Release|Any CPU.ActiveCfg = Release|Any CPU
		{7494CC3D-21DA-42DB-A2BE-2CFFA9290E2B}.Release|Any CPU.Build.0 = Release|Any CPU
		{7494CC3D-21DA-42DB-A2BE-2CFFA9290E2B}.Release|x64.ActiveCfg = Release|Any CPU
		{7494CC3D-21DA-42DB-A2BE-2CFFA9290E2B}.Release|x64.Build.0 = Release|Any CPU
		{7494CC3D-21DA-42DB-A2BE-2CFFA9290E2B}.Release|x86.ActiveCfg = Release|Any CPU
		{7494CC3D-21DA-42DB-A2BE-2CFFA9290E2B}.Release|x86.Build.0 = Release|Any CPU
		{18312B03-50ED-4BF1-A471-29FBB8614F18}.Debug|Any CPU.ActiveCfg = Debug|Any CPU
		{18312B03-50ED-4BF1-A471-29FBB8614F18}.Debug|Any CPU.Build.0 = Debug|Any CPU
		{18312B03-50ED-4BF1-A471-29FBB8614F18}.Debug|x64.ActiveCfg = Debug|Any CPU
		{18312B03-50ED-4BF1-A471-29FBB8614F18}.Debug|x64.Build.0 = Debug|Any CPU
		{18312B03-50ED-4BF1-A471-29FBB8614F18}.Debug|x86.ActiveCfg = Debug|Any CPU
		{18312B03-50ED-4BF1-A471-29FBB8614F18}.Debug|x86.Build.0 = Debug|Any CPU
		{18312B03-50ED-4BF1-A471-29FBB8614F18}.Release|Any CPU.ActiveCfg = Release|Any CPU
		{18312B03-50ED-4BF1-A471-29FBB8614F18}.Release|Any CPU.Build.0 = Release|Any CPU
		{18312B03-50ED-4BF1-A471-29FBB8614F18}.Release|x64.ActiveCfg = Release|Any CPU
		{18312B03-50ED-4BF1-A471-29FBB8614F18}.Release|x64.Build.0 = Release|Any CPU
		{18312B03-50ED-4BF1-A471-29FBB8614F18}.Release|x86.ActiveCfg = Release|Any CPU
		{18312B03-50ED-4BF1-A471-29FBB8614F18}.Release|x86.Build.0 = Release|Any CPU
		{767355F2-75C3-4181-8792-74B69AEAEB9D}.Debug|Any CPU.ActiveCfg = Debug|Any CPU
		{767355F2-75C3-4181-8792-74B69AEAEB9D}.Debug|Any CPU.Build.0 = Debug|Any CPU
		{767355F2-75C3-4181-8792-74B69AEAEB9D}.Debug|x64.ActiveCfg = Debug|Any CPU
		{767355F2-75C3-4181-8792-74B69AEAEB9D}.Debug|x64.Build.0 = Debug|Any CPU
		{767355F2-75C3-4181-8792-74B69AEAEB9D}.Debug|x86.ActiveCfg = Debug|Any CPU
		{767355F2-75C3-4181-8792-74B69AEAEB9D}.Debug|x86.Build.0 = Debug|Any CPU
		{767355F2-75C3-4181-8792-74B69AEAEB9D}.Release|Any CPU.ActiveCfg = Release|Any CPU
		{767355F2-75C3-4181-8792-74B69AEAEB9D}.Release|Any CPU.Build.0 = Release|Any CPU
		{767355F2-75C3-4181-8792-74B69AEAEB9D}.Release|x64.ActiveCfg = Release|Any CPU
		{767355F2-75C3-4181-8792-74B69AEAEB9D}.Release|x64.Build.0 = Release|Any CPU
		{767355F2-75C3-4181-8792-74B69AEAEB9D}.Release|x86.ActiveCfg = Release|Any CPU
		{767355F2-75C3-4181-8792-74B69AEAEB9D}.Release|x86.Build.0 = Release|Any CPU
		{B920AD9B-7DAB-4616-A732-9D7F3F04B91D}.Debug|Any CPU.ActiveCfg = Debug|Any CPU
		{B920AD9B-7DAB-4616-A732-9D7F3F04B91D}.Debug|Any CPU.Build.0 = Debug|Any CPU
		{B920AD9B-7DAB-4616-A732-9D7F3F04B91D}.Debug|x64.ActiveCfg = Debug|Any CPU
		{B920AD9B-7DAB-4616-A732-9D7F3F04B91D}.Debug|x64.Build.0 = Debug|Any CPU
		{B920AD9B-7DAB-4616-A732-9D7F3F04B91D}.Debug|x86.ActiveCfg = Debug|Any CPU
		{B920AD9B-7DAB-4616-A732-9D7F3F04B91D}.Debug|x86.Build.0 = Debug|Any CPU
		{B920AD9B-7DAB-4616-A732-9D7F3F04B91D}.Release|Any CPU.ActiveCfg = Release|Any CPU
		{B920AD9B-7DAB-4616-A732-9D7F3F04B91D}.Release|Any CPU.Build.0 = Release|Any CPU
		{B920AD9B-7DAB-4616-A732-9D7F3F04B91D}.Release|x64.ActiveCfg = Release|Any CPU
		{B920AD9B-7DAB-4616-A732-9D7F3F04B91D}.Release|x64.Build.0 = Release|Any CPU
		{B920AD9B-7DAB-4616-A732-9D7F3F04B91D}.Release|x86.ActiveCfg = Release|Any CPU
		{B920AD9B-7DAB-4616-A732-9D7F3F04B91D}.Release|x86.Build.0 = Release|Any CPU
		{10E9D330-9637-4273-B367-5F8A5BE7DBBF}.Debug|Any CPU.ActiveCfg = Debug|Any CPU
		{10E9D330-9637-4273-B367-5F8A5BE7DBBF}.Debug|Any CPU.Build.0 = Debug|Any CPU
		{10E9D330-9637-4273-B367-5F8A5BE7DBBF}.Debug|x64.ActiveCfg = Debug|Any CPU
		{10E9D330-9637-4273-B367-5F8A5BE7DBBF}.Debug|x64.Build.0 = Debug|Any CPU
		{10E9D330-9637-4273-B367-5F8A5BE7DBBF}.Debug|x86.ActiveCfg = Debug|Any CPU
		{10E9D330-9637-4273-B367-5F8A5BE7DBBF}.Debug|x86.Build.0 = Debug|Any CPU
		{10E9D330-9637-4273-B367-5F8A5BE7DBBF}.Release|Any CPU.ActiveCfg = Release|Any CPU
		{10E9D330-9637-4273-B367-5F8A5BE7DBBF}.Release|Any CPU.Build.0 = Release|Any CPU
		{10E9D330-9637-4273-B367-5F8A5BE7DBBF}.Release|x64.ActiveCfg = Release|Any CPU
		{10E9D330-9637-4273-B367-5F8A5BE7DBBF}.Release|x64.Build.0 = Release|Any CPU
		{10E9D330-9637-4273-B367-5F8A5BE7DBBF}.Release|x86.ActiveCfg = Release|Any CPU
		{10E9D330-9637-4273-B367-5F8A5BE7DBBF}.Release|x86.Build.0 = Release|Any CPU
		{4B74920D-0526-454B-9580-1E82CC910E79}.Debug|Any CPU.ActiveCfg = Debug|Any CPU
		{4B74920D-0526-454B-9580-1E82CC910E79}.Debug|Any CPU.Build.0 = Debug|Any CPU
		{4B74920D-0526-454B-9580-1E82CC910E79}.Debug|x64.ActiveCfg = Debug|Any CPU
		{4B74920D-0526-454B-9580-1E82CC910E79}.Debug|x64.Build.0 = Debug|Any CPU
		{4B74920D-0526-454B-9580-1E82CC910E79}.Debug|x86.ActiveCfg = Debug|Any CPU
		{4B74920D-0526-454B-9580-1E82CC910E79}.Debug|x86.Build.0 = Debug|Any CPU
		{4B74920D-0526-454B-9580-1E82CC910E79}.Release|Any CPU.ActiveCfg = Release|Any CPU
		{4B74920D-0526-454B-9580-1E82CC910E79}.Release|Any CPU.Build.0 = Release|Any CPU
		{4B74920D-0526-454B-9580-1E82CC910E79}.Release|x64.ActiveCfg = Release|Any CPU
		{4B74920D-0526-454B-9580-1E82CC910E79}.Release|x64.Build.0 = Release|Any CPU
		{4B74920D-0526-454B-9580-1E82CC910E79}.Release|x86.ActiveCfg = Release|Any CPU
		{4B74920D-0526-454B-9580-1E82CC910E79}.Release|x86.Build.0 = Release|Any CPU
		{9CFED662-7B3C-4E94-8F1C-C5220D537292}.Debug|Any CPU.ActiveCfg = Debug|Any CPU
		{9CFED662-7B3C-4E94-8F1C-C5220D537292}.Debug|Any CPU.Build.0 = Debug|Any CPU
		{9CFED662-7B3C-4E94-8F1C-C5220D537292}.Debug|x64.ActiveCfg = Debug|Any CPU
		{9CFED662-7B3C-4E94-8F1C-C5220D537292}.Debug|x64.Build.0 = Debug|Any CPU
		{9CFED662-7B3C-4E94-8F1C-C5220D537292}.Debug|x86.ActiveCfg = Debug|Any CPU
		{9CFED662-7B3C-4E94-8F1C-C5220D537292}.Debug|x86.Build.0 = Debug|Any CPU
		{9CFED662-7B3C-4E94-8F1C-C5220D537292}.Release|Any CPU.ActiveCfg = Release|Any CPU
		{9CFED662-7B3C-4E94-8F1C-C5220D537292}.Release|Any CPU.Build.0 = Release|Any CPU
		{9CFED662-7B3C-4E94-8F1C-C5220D537292}.Release|x64.ActiveCfg = Release|Any CPU
		{9CFED662-7B3C-4E94-8F1C-C5220D537292}.Release|x64.Build.0 = Release|Any CPU
		{9CFED662-7B3C-4E94-8F1C-C5220D537292}.Release|x86.ActiveCfg = Release|Any CPU
		{9CFED662-7B3C-4E94-8F1C-C5220D537292}.Release|x86.Build.0 = Release|Any CPU
	EndGlobalSection
	GlobalSection(NestedProjects) = preSolution
		{610CEB61-B1CA-409C-9475-F0F9300B344C} = {94690FC6-E082-495C-9115-3F96FED327D9}
		{7494CC3D-21DA-42DB-A2BE-2CFFA9290E2B} = {94690FC6-E082-495C-9115-3F96FED327D9}
		{18312B03-50ED-4BF1-A471-29FBB8614F18} = {1C538392-14EF-4FB3-8653-CFD3D986F4B6}
		{767355F2-75C3-4181-8792-74B69AEAEB9D} = {1C538392-14EF-4FB3-8653-CFD3D986F4B6}
		{B920AD9B-7DAB-4616-A732-9D7F3F04B91D} = {635FB92B-FF4D-4BCA-9C20-0244AA7F3FFC}
		{10E9D330-9637-4273-B367-5F8A5BE7DBBF} = {635FB92B-FF4D-4BCA-9C20-0244AA7F3FFC}
		{4B74920D-0526-454B-9580-1E82CC910E79} = {56DB6E93-E26D-4EC2-81B1-A4B2CD3C8332}
		{9CFED662-7B3C-4E94-8F1C-C5220D537292} = {56DB6E93-E26D-4EC2-81B1-A4B2CD3C8332}
	EndGlobalSection
EndGlobal
